{
  "version": 1,
  "dependencies": {
    "net10.0": {
      "YamlDotNet": {
        "type": "Direct",
        "requested": "[15.1.2, )",
        "resolved": "15.1.2",
        "contentHash": "qeX0XhzOIcQEvnI5JxnPaIwcINwyY4Qy/LXhSfsdHkFrl9F41AT52UFfy2nIE7kgrhMg+cP7xuS+GtPJhmHmTA=="
      },
      "translator.core": {
        "type": "Project"
      },
      "wiicompiled.setup.common": {
        "type": "Project"
      }
    }
  }
}